
Microsoft Visual Studio Solution File, Format Version 12.00
# Visual Studio 15
VisualStudioVersion = 15.0.28307.489
MinimumVisualStudioVersion = 10.0.40219.1
Project("{FAE04EC0-301F-11D3-BF4B-00C04F79EFBC}") = "CodeFirstFromExistingDb", "CodeFirstFromExistingDb\CodeFirstFromExistingDb.csproj", "{2B5BE2FF-25E1-44AE-9260-4F2B613C96EE}"
EndProject
Global
	GlobalSection(SolutionConfigurationPlatforms) = preSolution
		Debug|Any CPU = Debug|Any CPU
		Release|Any CPU = Release|Any CPU
	EndGlobalSection
	GlobalSection(ProjectConfigurationPlatforms) = postSolution
		{2B5BE2FF-25E1-44AE-9260-4F2B613C96EE}.Debug|Any CPU.ActiveCfg = Debug|Any CPU
		{2B5BE2FF-25E1-44AE-9260-4F2B613C96EE}.Debug|Any CPU.Build.0 = Debug|Any CPU
		{2B5BE2FF-25E1-44AE-9260-4F2B613C96EE}.Release|Any CPU.ActiveCfg = Release|Any CPU
		{2B5BE2FF-25E1-44AE-9260-4F2B613C96EE}.Release|Any CPU.Build.0 = Release|Any CPU
	EndGlobalSection
	GlobalSection(SolutionProperties) = preSolution
		HideSolutionNode = FALSE
	EndGlobalSection
	GlobalSection(ExtensibilityGlobals) = postSolution
		SolutionGuid = {8BF77F03-581C-4E54-A4AC-22F19759281E}
	EndGlobalSection
EndGlobal
